
Microsoft Visual Studio Solution File, Format Version 12.00
# Visual Studio Version 17
VisualStudioVersion = 17.4.33205.214
MinimumVisualStudioVersion = 10.0.40219.1
Project("{FAE04EC0-301F-11D3-BF4B-00C04F79EFBC}") = "LibraryShapes", "LibraryShapes\LibraryShapes.csproj", "{DDEEDFD3-C5C3-49F6-A133-BCC8DE1F0ABF}"
EndProject
Global
	GlobalSection(SolutionConfigurationPlatforms) = preSolution
		Debug|Any CPU = Debug|Any CPU
		Release|Any CPU = Release|Any CPU
	EndGlobalSection
	GlobalSection(ProjectConfigurationPlatforms) = postSolution
		{DDEEDFD3-C5C3-49F6-A133-BCC8DE1F0ABF}.Debug|Any CPU.ActiveCfg = Debug|Any CPU
		{DDEEDFD3-C5C3-49F6-A133-BCC8DE1F0ABF}.Debug|Any CPU.Build.0 = Debug|Any CPU
		{DDEEDFD3-C5C3-49F6-A133-BCC8DE1F0ABF}.Release|Any CPU.ActiveCfg = Release|Any CPU
		{DDEEDFD3-C5C3-49F6-A133-BCC8DE1F0ABF}.Release|Any CPU.Build.0 = Release|Any CPU
	EndGlobalSection
	GlobalSection(SolutionProperties) = preSolution
		HideSolutionNode = FALSE
	EndGlobalSection
	GlobalSection(ExtensibilityGlobals) = postSolution
		SolutionGuid = {B50F9DAA-AFE2-4044-A40A-E63EDE3CCE57}
	EndGlobalSection
EndGlobal
